
Microsoft Visual Studio Solution File, Format Version 11.00
# Visual Studio 2010
Project("{FAE04EC0-301F-11D3-BF4B-00C04F79EFBC}") = "Current Build", "Assembly-CSharp.csproj", "{773FBBFE-DF3F-E1FE-DC18-F6870FFCBC3F}"
EndProject
Project("{FAE04EC0-301F-11D3-BF4B-00C04F79EFBC}") = "Current Build", "Assembly-CSharp-Editor.csproj", "{22F4B04B-5EB3-04E0-3044-36ACDA8BA4CA}"
EndProject
Global
	GlobalSection(SolutionConfigurationPlatforms) = preSolution
		Debug|Any CPU = Debug|Any CPU
		Release|Any CPU = Release|Any CPU
	EndGlobalSection
	GlobalSection(ProjectConfigurationPlatforms) = postSolution
		{773FBBFE-DF3F-E1FE-DC18-F6870FFCBC3F}.Debug|Any CPU.ActiveCfg = Debug|Any CPU
		{773FBBFE-DF3F-E1FE-DC18-F6870FFCBC3F}.Debug|Any CPU.Build.0 = Debug|Any CPU
		{773FBBFE-DF3F-E1FE-DC18-F6870FFCBC3F}.Release|Any CPU.ActiveCfg = Release|Any CPU
		{773FBBFE-DF3F-E1FE-DC18-F6870FFCBC3F}.Release|Any CPU.Build.0 = Release|Any CPU
		{22F4B04B-5EB3-04E0-3044-36ACDA8BA4CA}.Debug|Any CPU.ActiveCfg = Debug|Any CPU
		{22F4B04B-5EB3-04E0-3044-36ACDA8BA4CA}.Debug|Any CPU.Build.0 = Debug|Any CPU
		{22F4B04B-5EB3-04E0-3044-36ACDA8BA4CA}.Release|Any CPU.ActiveCfg = Release|Any CPU
		{22F4B04B-5EB3-04E0-3044-36ACDA8BA4CA}.Release|Any CPU.Build.0 = Release|Any CPU
	EndGlobalSection
	GlobalSection(SolutionProperties) = preSolution
		HideSolutionNode = FALSE
	EndGlobalSection
	GlobalSection(MonoDevelopProperties) = preSolution
		StartupItem = Assembly-CSharp.csproj
	EndGlobalSection
EndGlobal
